
Microsoft Visual Studio Solution File, Format Version 12.00
# Visual Studio Version 16
VisualStudioVersion = 16.0.32002.261
MinimumVisualStudioVersion = 10.0.40219.1
Project("{FAE04EC0-301F-11D3-BF4B-00C04F79EFBC}") = "MvcGitDemo", "MvcGitDemo\MvcGitDemo.csproj", "{C253CC53-34D6-4A4A-9E14-E9691BB694DC}"
EndProject
Global
	GlobalSection(SolutionConfigurationPlatforms) = preSolution
		Debug|Any CPU = Debug|Any CPU
		Release|Any CPU = Release|Any CPU
	EndGlobalSection
	GlobalSection(ProjectConfigurationPlatforms) = postSolution
		{C253CC53-34D6-4A4A-9E14-E9691BB694DC}.Debug|Any CPU.ActiveCfg = Debug|Any CPU
		{C253CC53-34D6-4A4A-9E14-E9691BB694DC}.Debug|Any CPU.Build.0 = Debug|Any CPU
		{C253CC53-34D6-4A4A-9E14-E9691BB694DC}.Release|Any CPU.ActiveCfg = Release|Any CPU
		{C253CC53-34D6-4A4A-9E14-E9691BB694DC}.Release|Any CPU.Build.0 = Release|Any CPU
	EndGlobalSection
	GlobalSection(SolutionProperties) = preSolution
		HideSolutionNode = FALSE
	EndGlobalSection
	GlobalSection(ExtensibilityGlobals) = postSolution
		SolutionGuid = {AE96431C-875E-49EF-AB5F-7FAF1BB44F9B}
	EndGlobalSection
EndGlobal
